// !$*UTF8*$!
{
	archiveVersion = 1;
	classes = {
	};
	objectVersion = 46;
	objects = {

/* Begin PBXBuildFile section */
		21079F5A1C76F88800AB9E51 /* libc++.tbd in Frameworks */ = {isa = PBXBuildFile; fileRef = 21079F591C76F88800AB9E51 /* libc++.tbd */; };
		21079F5C1C76F89100AB9E51 /* libz.tbd in Frameworks */ = {isa = PBXBuildFile; fileRef = 21079F5B1C76F89100AB9E51 /* libz.tbd */; };
		21079F5E1C76F8F700AB9E51 /* SystemConfiguration.framework in Frameworks */ = {isa = PBXBuildFile; fileRef = 21079F5D1C76F8F700AB9E51 /* SystemConfiguration.framework */; };
		21079FD11C773CE400AB9E51 /* WLCFriendsearchController.m in Sources */ = {isa = PBXBuildFile; fileRef = 21079FAD1C773CE400AB9E51 /* WLCFriendsearchController.m */; };
		21079FD21C773CE400AB9E51 /* WLCHomeController.m in Sources */ = {isa = PBXBuildFile; fileRef = 21079FAF1C773CE400AB9E51 /* WLCHomeController.m */; };
		21079FD31C773CE400AB9E51 /* WLCTitlePopMenuView.m in Sources */ = {isa = PBXBuildFile; fileRef = 21079FB11C773CE400AB9E51 /* WLCTitlePopMenuView.m */; };
		21079FD41C773CE400AB9E51 /* WLCTitleButton.m in Sources */ = {isa = PBXBuildFile; fileRef = 21079FB61C773CE400AB9E51 /* WLCTitleButton.m */; };
		21079FD51C773CE400AB9E51 /* UIBarButtonItem+Extention.m in Sources */ = {isa = PBXBuildFile; fileRef = 21079FBA1C773CE400AB9E51 /* UIBarButtonItem+Extention.m */; };
		21079FD61C773CE400AB9E51 /* UIView+Frame.m in Sources */ = {isa = PBXBuildFile; fileRef = 21079FBC1C773CE400AB9E51 /* UIView+Frame.m */; };
		21079FD71C773CE400AB9E51 /* WLCNavigationController.m in Sources */ = {isa = PBXBuildFile; fileRef = 21079FBF1C773CE400AB9E51 /* WLCNavigationController.m */; };
		21079FD81C773CE400AB9E51 /* WLCTabBarController.m in Sources */ = {isa = PBXBuildFile; fileRef = 21079FC11C773CE400AB9E51 /* WLCTabBarController.m */; };
		21079FD91C773CE400AB9E51 /* WLCTabBar.m in Sources */ = {isa = PBXBuildFile; fileRef = 21079FC61C773CE400AB9E51 /* WLCTabBar.m */; };
		21079FDB1C773D2900AB9E51 /* KSCrash.framework in Frameworks */ = {isa = PBXBuildFile; fileRef = 21079FDA1C773D2900AB9E51 /* KSCrash.framework */; };
		21E5B6441C75A78000F7F0FD /* main.m in Sources */ = {isa = PBXBuildFile; fileRef = 21E5B6431C75A78000F7F0FD /* main.m */; };
		21E5B6471C75A78000F7F0FD /* AppDelegate.m in Sources */ = {isa = PBXBuildFile; fileRef = 21E5B6461C75A78000F7F0FD /* AppDelegate.m */; };
		21E5B64F1C75A78000F7F0FD /* Assets.xcassets in Resources */ = {isa = PBXBuildFile; fileRef = 21E5B64E1C75A78000F7F0FD /* Assets.xcassets */; };
		21E5B6521C75A78000F7F0FD /* LaunchScreen.storyboard in Resources */ = {isa = PBXBuildFile; fileRef = 21E5B6501C75A78000F7F0FD /* LaunchScreen.storyboard */; };
		21E5B65D1C75A78000F7F0FD /* weiboTests.m in Sources */ = {isa = PBXBuildFile; fileRef = 21E5B65C1C75A78000F7F0FD /* weiboTests.m */; };
		21E5B6681C75A78000F7F0FD /* weiboUITests.m in Sources */ = {isa = PBXBuildFile; fileRef = 21E5B6671C75A78000F7F0FD /* weiboUITests.m */; };
/* End PBXBuildFile section */

/* Begin PBXContainerItemProxy section */
		21E5B6591C75A78000F7F0FD /* PBXContainerItemProxy */ = {
			isa = PBXContainerItemProxy;
			containerPortal = 21E5B6371C75A78000F7F0FD /* Project object */;
			proxyType = 1;
			remoteGlobalIDString = 21E5B63E1C75A78000F7F0FD;
			remoteInfo = weibo;
		};
		21E5B6641C75A78000F7F0FD /* PBXContainerItemProxy */ = {
			isa = PBXContainerItemProxy;
			containerPortal = 21E5B6371C75A78000F7F0FD /* Project object */;
			proxyType = 1;
			remoteGlobalIDString = 21E5B63E1C75A78000F7F0FD;
			remoteInfo = weibo;
		};
/* End PBXContainerItemProxy section */

/* Begin PBXFileReference section */
		21079F591C76F88800AB9E51 /* libc++.tbd */ = {isa = PBXFileReference; lastKnownFileType = "sourcecode.text-based-dylib-definition"; name = "libc++.tbd"; path = "usr/lib/libc++.tbd"; sourceTree = SDKROOT; };
		21079F5B1C76F89100AB9E51 /* libz.tbd */ = {isa = PBXFileReference; lastKnownFileType = "sourcecode.text-based-dylib-definition"; name = libz.tbd; path = usr/lib/libz.tbd; sourceTree = SDKROOT; };
		21079F5D1C76F8F700AB9E51 /* SystemConfiguration.framework */ = {isa = PBXFileReference; lastKnownFileType = wrapper.framework; name = SystemConfiguration.framework; path = System/Library/Frameworks/SystemConfiguration.framework; sourceTree = SDKROOT; };
		21079FAC1C773CE400AB9E51 /* WLCFriendsearchController.h */ = {isa = PBXFileReference; fileEncoding = 4; lastKnownFileType = sourcecode.c.h; path = WLCFriendsearchController.h; sourceTree = "<group>"; };
		21079FAD1C773CE400AB9E51 /* WLCFriendsearchController.m */ = {isa = PBXFileReference; fileEncoding = 4; lastKnownFileType = sourcecode.c.objc; path = WLCFriendsearchController.m; sourceTree = "<group>"; };
		21079FAE1C773CE400AB9E51 /* WLCHomeController.h */ = {isa = PBXFileReference; fileEncoding = 4; lastKnownFileType = sourcecode.c.h; path = WLCHomeController.h; sourceTree = "<group>"; };
		21079FAF1C773CE400AB9E51 /* WLCHomeController.m */ = {isa = PBXFileReference; fileEncoding = 4; lastKnownFileType = sourcecode.c.objc; path = WLCHomeController.m; sourceTree = "<group>"; };
		21079FB01C773CE400AB9E51 /* WLCTitlePopMenuView.h */ = {isa = PBXFileReference; fileEncoding = 4; lastKnownFileType = sourcecode.c.h; path = WLCTitlePopMenuView.h; sourceTree = "<group>"; };
		21079FB11C773CE400AB9E51 /* WLCTitlePopMenuView.m */ = {isa = PBXFileReference; fileEncoding = 4; lastKnownFileType = sourcecode.c.objc; path = WLCTitlePopMenuView.m; sourceTree = "<group>"; };
		21079FB51C773CE400AB9E51 /* WLCTitleButton.h */ = {isa = PBXFileReference; fileEncoding = 4; lastKnownFileType = sourcecode.c.h; path = WLCTitleButton.h; sourceTree = "<group>"; };
		21079FB61C773CE400AB9E51 /* WLCTitleButton.m */ = {isa = PBXFileReference; fileEncoding = 4; lastKnownFileType = sourcecode.c.objc; path = WLCTitleButton.m; sourceTree = "<group>"; };
		21079FB91C773CE400AB9E51 /* UIBarButtonItem+Extention.h */ = {isa = PBXFileReference; fileEncoding = 4; lastKnownFileType = sourcecode.c.h; path = "UIBarButtonItem+Extention.h"; sourceTree = "<group>"; };
		21079FBA1C773CE400AB9E51 /* UIBarButtonItem+Extention.m */ = {isa = PBXFileReference; fileEncoding = 4; lastKnownFileType = sourcecode.c.objc; path = "UIBarButtonItem+Extention.m"; sourceTree = "<group>"; };
		21079FBB1C773CE400AB9E51 /* UIView+Frame.h */ = {isa = PBXFileReference; fileEncoding = 4; lastKnownFileType = sourcecode.c.h; path = "UIView+Frame.h"; sourceTree = "<group>"; };
		21079FBC1C773CE400AB9E51 /* UIView+Frame.m */ = {isa = PBXFileReference; fileEncoding = 4; lastKnownFileType = sourcecode.c.objc; path = "UIView+Frame.m"; sourceTree = "<group>"; };
		21079FBE1C773CE400AB9E51 /* WLCNavigationController.h */ = {isa = PBXFileReference; fileEncoding = 4; lastKnownFileType = sourcecode.c.h; path = WLCNavigationController.h; sourceTree = "<group>"; };
		21079FBF1C773CE400AB9E51 /* WLCNavigationController.m */ = {isa = PBXFileReference; fileEncoding = 4; lastKnownFileType = sourcecode.c.objc; path = WLCNavigationController.m; sourceTree = "<group>"; };
		21079FC01C773CE400AB9E51 /* WLCTabBarController.h */ = {isa = PBXFileReference; fileEncoding = 4; lastKnownFileType = sourcecode.c.h; path = WLCTabBarController.h; sourceTree = "<group>"; };
		21079FC11C773CE400AB9E51 /* WLCTabBarController.m */ = {isa = PBXFileReference; fileEncoding = 4; lastKnownFileType = sourcecode.c.objc; path = WLCTabBarController.m; sourceTree = "<group>"; };
		21079FC51C773CE400AB9E51 /* WLCTabBar.h */ = {isa = PBXFileReference; fileEncoding = 4; lastKnownFileType = sourcecode.c.h; path = WLCTabBar.h; sourceTree = "<group>"; };
		21079FC61C773CE400AB9E51 /* WLCTabBar.m */ = {isa = PBXFileReference; fileEncoding = 4; lastKnownFileType = sourcecode.c.objc; path = WLCTabBar.m; sourceTree = "<group>"; };
		21079FDA1C773D2900AB9E51 /* KSCrash.framework */ = {isa = PBXFileReference; lastKnownFileType = wrapper.framework; name = KSCrash.framework; path = weibo/Framework/KSCrash.framework; sourceTree = "<group>"; };
		21E5B63F1C75A78000F7F0FD /* weibo.app */ = {isa = PBXFileReference; explicitFileType = wrapper.application; includeInIndex = 0; path = weibo.app; sourceTree = BUILT_PRODUCTS_DIR; };
		21E5B6431C75A78000F7F0FD /* main.m */ = {isa = PBXFileReference; lastKnownFileType = sourcecode.c.objc; path = main.m; sourceTree = "<group>"; };
		21E5B6451C75A78000F7F0FD /* AppDelegate.h */ = {isa = PBXFileReference; lastKnownFileType = sourcecode.c.h; path = AppDelegate.h; sourceTree = "<group>"; };
		21E5B6461C75A78000F7F0FD /* AppDelegate.m */ = {isa = PBXFileReference; lastKnownFileType = sourcecode.c.objc; path = AppDelegate.m; sourceTree = "<group>"; };
		21E5B64E1C75A78000F7F0FD /* Assets.xcassets */ = {isa = PBXFileReference; lastKnownFileType = folder.assetcatalog; path = Assets.xcassets; sourceTree = "<group>"; };
		21E5B6511C75A78000F7F0FD /* Base */ = {isa = PBXFileReference; lastKnownFileType = file.storyboard; name = Base; path = Base.lproj/LaunchScreen.storyboard; sourceTree = "<group>"; };
		21E5B6531C75A78000F7F0FD /* Info.plist */ = {isa = PBXFileReference; lastKnownFileType = text.plist.xml; path = Info.plist; sourceTree = "<group>"; };
		21E5B6581C75A78000F7F0FD /* weiboTests.xctest */ = {isa = PBXFileReference; explicitFileType = wrapper.cfbundle; includeInIndex = 0; path = weiboTests.xctest; sourceTree = BUILT_PRODUCTS_DIR; };
		21E5B65C1C75A78000F7F0FD /* weiboTests.m */ = {isa = PBXFileReference; lastKnownFileType = sourcecode.c.objc; path = weiboTests.m; sourceTree = "<group>"; };
		21E5B65E1C75A78000F7F0FD /* Info.plist */ = {isa = PBXFileReference; lastKnownFileType = text.plist.xml; path = Info.plist; sourceTree = "<group>"; };
		21E5B6631C75A78000F7F0FD /* weiboUITests.xctest */ = {isa = PBXFileReference; explicitFileType = wrapper.cfbundle; includeInIndex = 0; path = weiboUITests.xctest; sourceTree = BUILT_PRODUCTS_DIR; };
		21E5B6671C75A78000F7F0FD /* weiboUITests.m */ = {isa = PBXFileReference; lastKnownFileType = sourcecode.c.objc; path = weiboUITests.m; sourceTree = "<group>"; };
		21E5B6691C75A78000F7F0FD /* Info.plist */ = {isa = PBXFileReference; lastKnownFileType = text.plist.xml; path = Info.plist; sourceTree = "<group>"; };
		21E5B6781C75B40400F7F0FD /* PrefixHeader.pch */ = {isa = PBXFileReference; lastKnownFileType = sourcecode.c.h; path = PrefixHeader.pch; sourceTree = "<group>"; };
/* End PBXFileReference section */

/* Begin PBXFrameworksBuildPhase section */
		21E5B63C1C75A78000F7F0FD /* Frameworks */ = {
			isa = PBXFrameworksBuildPhase;
			buildActionMask = 2147483647;
			files = (
				21079F5E1C76F8F700AB9E51 /* SystemConfiguration.framework in Frameworks */,
				21079F5C1C76F89100AB9E51 /* libz.tbd in Frameworks */,
				21079F5A1C76F88800AB9E51 /* libc++.tbd in Frameworks */,
				21079FDB1C773D2900AB9E51 /* KSCrash.framework in Frameworks */,
			);
			runOnlyForDeploymentPostprocessing = 0;
		};
		21E5B6551C75A78000F7F0FD /* Frameworks */ = {
			isa = PBXFrameworksBuildPhase;
			buildActionMask = 2147483647;
			files = (
			);
			runOnlyForDeploymentPostprocessing = 0;
		};
		21E5B6601C75A78000F7F0FD /* Frameworks */ = {
			isa = PBXFrameworksBuildPhase;
			buildActionMask = 2147483647;
			files = (
			);
			runOnlyForDeploymentPostprocessing = 0;
		};
/* End PBXFrameworksBuildPhase section */

/* Begin PBXGroup section */
		21079FA41C773CE400AB9E51 /* Classes */ = {
			isa = PBXGroup;
			children = (
				21079FA51C773CE400AB9E51 /* Discovery */,
				21079FAA1C773CE400AB9E51 /* Home */,
				21079FB71C773CE400AB9E51 /* Main */,
				21079FC71C773CE400AB9E51 /* Message */,
				21079FCC1C773CE400AB9E51 /* Profile */,
			);
			path = Classes;
			sourceTree = "<group>";
		};
		21079FA51C773CE400AB9E51 /* Discovery */ = {
			isa = PBXGroup;
			children = (
				21079FA61C773CE400AB9E51 /* Controller */,
				21079FA71C773CE400AB9E51 /* Model */,
				21079FA81C773CE400AB9E51 /* Other */,
				21079FA91C773CE400AB9E51 /* View */,
			);
			path = Discovery;
			sourceTree = "<group>";
		};
		21079FA61C773CE400AB9E51 /* Controller */ = {
			isa = PBXGroup;
			children = (
			);
			path = Controller;
			sourceTree = "<group>";
		};
		21079FA71C773CE400AB9E51 /* Model */ = {
			isa = PBXGroup;
			children = (
			);
			path = Model;
			sourceTree = "<group>";
		};
		21079FA81C773CE400AB9E51 /* Other */ = {
			isa = PBXGroup;
			children = (
			);
			path = Other;
			sourceTree = "<group>";
		};
		21079FA91C773CE400AB9E51 /* View */ = {
			isa = PBXGroup;
			children = (
			);
			path = View;
			sourceTree = "<group>";
		};
		21079FAA1C773CE400AB9E51 /* Home */ = {
			isa = PBXGroup;
			children = (
				21079FAB1C773CE400AB9E51 /* Controller */,
				21079FB21C773CE400AB9E51 /* Model */,
				21079FB31C773CE400AB9E51 /* Other */,
				21079FB41C773CE400AB9E51 /* View */,
			);
			path = Home;
			sourceTree = "<group>";
		};
		21079FAB1C773CE400AB9E51 /* Controller */ = {
			isa = PBXGroup;
			children = (
				21079FAC1C773CE400AB9E51 /* WLCFriendsearchController.h */,
				21079FAD1C773CE400AB9E51 /* WLCFriendsearchController.m */,
				21079FAE1C773CE400AB9E51 /* WLCHomeController.h */,
				21079FAF1C773CE400AB9E51 /* WLCHomeController.m */,
				21079FB01C773CE400AB9E51 /* WLCTitlePopMenuView.h */,
				21079FB11C773CE400AB9E51 /* WLCTitlePopMenuView.m */,
			);
			path = Controller;
			sourceTree = "<group>";
		};
		21079FB21C773CE400AB9E51 /* Model */ = {
			isa = PBXGroup;
			children = (
			);
			path = Model;
			sourceTree = "<group>";
		};
		21079FB31C773CE400AB9E51 /* Other */ = {
			isa = PBXGroup;
			children = (
			);
			path = Other;
			sourceTree = "<group>";
		};
		21079FB41C773CE400AB9E51 /* View */ = {
			isa = PBXGroup;
			children = (
				21079FB51C773CE400AB9E51 /* WLCTitleButton.h */,
				21079FB61C773CE400AB9E51 /* WLCTitleButton.m */,
			);
			path = View;
			sourceTree = "<group>";
		};
		21079FB71C773CE400AB9E51 /* Main */ = {
			isa = PBXGroup;
			children = (
				21079FB81C773CE400AB9E51 /* Category */,
				21079FBD1C773CE400AB9E51 /* Controller */,
				21079FC21C773CE400AB9E51 /* Model */,
				21079FC31C773CE400AB9E51 /* Other */,
				21079FC41C773CE400AB9E51 /* View */,
			);
			path = Main;
			sourceTree = "<group>";
		};
		21079FB81C773CE400AB9E51 /* Category */ = {
			isa = PBXGroup;
			children = (
				21079FB91C773CE400AB9E51 /* UIBarButtonItem+Extention.h */,
				21079FBA1C773CE400AB9E51 /* UIBarButtonItem+Extention.m */,
				21079FBB1C773CE400AB9E51 /* UIView+Frame.h */,
				21079FBC1C773CE400AB9E51 /* UIView+Frame.m */,
			);
			path = Category;
			sourceTree = "<group>";
		};
		21079FBD1C773CE400AB9E51 /* Controller */ = {
			isa = PBXGroup;
			children = (
				21079FBE1C773CE400AB9E51 /* WLCNavigationController.h */,
				21079FBF1C773CE400AB9E51 /* WLCNavigationController.m */,
				21079FC01C773CE400AB9E51 /* WLCTabBarController.h */,
				21079FC11C773CE400AB9E51 /* WLCTabBarController.m */,
			);
			path = Controller;
			sourceTree = "<group>";
		};
		21079FC21C773CE400AB9E51 /* Model */ = {
			isa = PBXGroup;
			children = (
			);
			path = Model;
			sourceTree = "<group>";
		};
		21079FC31C773CE400AB9E51 /* Other */ = {
			isa = PBXGroup;
			children = (
			);
			path = Other;
			sourceTree = "<group>";
		};
		21079FC41C773CE400AB9E51 /* View */ = {
			isa = PBXGroup;
			children = (
				21079FC51C773CE400AB9E51 /* WLCTabBar.h */,
				21079FC61C773CE400AB9E51 /* WLCTabBar.m */,
			);
			path = View;
			sourceTree = "<group>";
		};
		21079FC71C773CE400AB9E51 /* Message */ = {
			isa = PBXGroup;
			children = (
				21079FC81C773CE400AB9E51 /* Controller */,
				21079FC91C773CE400AB9E51 /* Model */,
				21079FCA1C773CE400AB9E51 /* Other */,
				21079FCB1C773CE400AB9E51 /* View */,
			);
			path = Message;
			sourceTree = "<group>";
		};
		21079FC81C773CE400AB9E51 /* Controller */ = {
			isa = PBXGroup;
			children = (
			);
			path = Controller;
			sourceTree = "<group>";
		};
		21079FC91C773CE400AB9E51 /* Model */ = {
			isa = PBXGroup;
			children = (
			);
			path = Model;
			sourceTree = "<group>";
		};
		21079FCA1C773CE400AB9E51 /* Other */ = {
			isa = PBXGroup;
			children = (
			);
			path = Other;
			sourceTree = "<group>";
		};
		21079FCB1C773CE400AB9E51 /* View */ = {
			isa = PBXGroup;
			children = (
			);
			path = View;
			sourceTree = "<group>";
		};
		21079FCC1C773CE400AB9E51 /* Profile */ = {
			isa = PBXGroup;
			children = (
				21079FCD1C773CE400AB9E51 /* Controller */,
				21079FCE1C773CE400AB9E51 /* Model */,
				21079FCF1C773CE400AB9E51 /* Other */,
				21079FD01C773CE400AB9E51 /* View */,
			);
			path = Profile;
			sourceTree = "<group>";
		};
		21079FCD1C773CE400AB9E51 /* Controller */ = {
			isa = PBXGroup;
			children = (
			);
			path = Controller;
			sourceTree = "<group>";
		};
		21079FCE1C773CE400AB9E51 /* Model */ = {
			isa = PBXGroup;
			children = (
			);
			path = Model;
			sourceTree = "<group>";
		};
		21079FCF1C773CE400AB9E51 /* Other */ = {
			isa = PBXGroup;
			children = (
			);
			path = Other;
			sourceTree = "<group>";
		};
		21079FD01C773CE400AB9E51 /* View */ = {
			isa = PBXGroup;
			children = (
			);
			path = View;
			sourceTree = "<group>";
		};
		21E5B6361C75A78000F7F0FD = {
			isa = PBXGroup;
			children = (
				21079F5D1C76F8F700AB9E51 /* SystemConfiguration.framework */,
				21079F5B1C76F89100AB9E51 /* libz.tbd */,
				21079F591C76F88800AB9E51 /* libc++.tbd */,
				21079FDA1C773D2900AB9E51 /* KSCrash.framework */,
				21E5B6411C75A78000F7F0FD /* weibo */,
				21E5B65B1C75A78000F7F0FD /* weiboTests */,
				21E5B6661C75A78000F7F0FD /* weiboUITests */,
				21E5B6401C75A78000F7F0FD /* Products */,
			);
			sourceTree = "<group>";
		};
		21E5B6401C75A78000F7F0FD /* Products */ = {
			isa = PBXGroup;
			children = (
				21E5B63F1C75A78000F7F0FD /* weibo.app */,
				21E5B6581C75A78000F7F0FD /* weiboTests.xctest */,
				21E5B6631C75A78000F7F0FD /* weiboUITests.xctest */,
			);
			name = Products;
			sourceTree = "<group>";
		};
		21E5B6411C75A78000F7F0FD /* weibo */ = {
			isa = PBXGroup;
			children = (
				21079FA41C773CE400AB9E51 /* Classes */,
				21E5B6421C75A78000F7F0FD /* Supporting Files */,
			);
			path = weibo;
			sourceTree = "<group>";
		};
		21E5B6421C75A78000F7F0FD /* Supporting Files */ = {
			isa = PBXGroup;
			children = (
				21E5B6451C75A78000F7F0FD /* AppDelegate.h */,
				21E5B6461C75A78000F7F0FD /* AppDelegate.m */,
				21E5B64E1C75A78000F7F0FD /* Assets.xcassets */,
				21E5B6501C75A78000F7F0FD /* LaunchScreen.storyboard */,
				21E5B6531C75A78000F7F0FD /* Info.plist */,
				21E5B6431C75A78000F7F0FD /* main.m */,
				21E5B6781C75B40400F7F0FD /* PrefixHeader.pch */,
			);
			name = "Supporting Files";
			sourceTree = "<group>";
		};
		21E5B65B1C75A78000F7F0FD /* weiboTests */ = {
			isa = PBXGroup;
			children = (
				21E5B65C1C75A78000F7F0FD /* weiboTests.m */,
				21E5B65E1C75A78000F7F0FD /* Info.plist */,
			);
			path = weiboTests;
			sourceTree = "<group>";
		};
		21E5B6661C75A78000F7F0FD /* weiboUITests */ = {
			isa = PBXGroup;
			children = (
				21E5B6671C75A78000F7F0FD /* weiboUITests.m */,
				21E5B6691C75A78000F7F0FD /* Info.plist */,
			);
			path = weiboUITests;
			sourceTree = "<group>";
		};
/* End PBXGroup section */

/* Begin PBXNativeTarget section */
		21E5B63E1C75A78000F7F0FD /* weibo */ = {
			isa = PBXNativeTarget;
			buildConfigurationList = 21E5B66C1C75A78000F7F0FD /* Build configuration list for PBXNativeTarget "weibo" */;
			buildPhases = (
				21E5B63B1C75A78000F7F0FD /* Sources */,
				21E5B63C1C75A78000F7F0FD /* Frameworks */,
				21E5B63D1C75A78000F7F0FD /* Resources */,
			);
			buildRules = (
			);
			dependencies = (
			);
			name = weibo;
			productName = weibo;
			productReference = 21E5B63F1C75A78000F7F0FD /* weibo.app */;
			productType = "com.apple.product-type.application";
		};
		21E5B6571C75A78000F7F0FD /* weiboTests */ = {
			isa = PBXNativeTarget;
			buildConfigurationList = 21E5B66F1C75A78000F7F0FD /* Build configuration list for PBXNativeTarget "weiboTests" */;
			buildPhases = (
				21E5B6541C75A78000F7F0FD /* Sources */,
				21E5B6551C75A78000F7F0FD /* Frameworks */,
				21E5B6561C75A78000F7F0FD /* Resources */,
			);
			buildRules = (
			);
			dependencies = (
				21E5B65A1C75A78000F7F0FD /* PBXTargetDependency */,
			);
			name = weiboTests;
			productName = weiboTests;
			productReference = 21E5B6581C75A78000F7F0FD /* weiboTests.xctest */;
			productType = "com.apple.product-type.bundle.unit-test";
		};
		21E5B6621C75A78000F7F0FD /* weiboUITests */ = {
			isa = PBXNativeTarget;
			buildConfigurationList = 21E5B6721C75A78000F7F0FD /* Build configuration list for PBXNativeTarget "weiboUITests" */;
			buildPhases = (
				21E5B65F1C75A78000F7F0FD /* Sources */,
				21E5B6601C75A78000F7F0FD /* Frameworks */,
				21E5B6611C75A78000F7F0FD /* Resources */,
			);
			buildRules = (
			);
			dependencies = (
				21E5B6651C75A78000F7F0FD /* PBXTargetDependency */,
			);
			name = weiboUITests;
			productName = weiboUITests;
			productReference = 21E5B6631C75A78000F7F0FD /* weiboUITests.xctest */;
			productType = "com.apple.product-type.bundle.ui-testing";
		};
/* End PBXNativeTarget section */

/* Begin PBXProject section */
		21E5B6371C75A78000F7F0FD /* Project object */ = {
			isa = PBXProject;
			attributes = {
				CLASSPREFIX = WLC;
				LastUpgradeCheck = 0720;
				ORGANIZATIONNAME = WLChopSticks;
				TargetAttributes = {
					21E5B63E1C75A78000F7F0FD = {
						CreatedOnToolsVersion = 7.2.1;
					};
					21E5B6571C75A78000F7F0FD = {
						CreatedOnToolsVersion = 7.2.1;
						TestTargetID = 21E5B63E1C75A78000F7F0FD;
					};
					21E5B6621C75A78000F7F0FD = {
						CreatedOnToolsVersion = 7.2.1;
						TestTargetID = 21E5B63E1C75A78000F7F0FD;
					};
				};
			};
			buildConfigurationList = 21E5B63A1C75A78000F7F0FD /* Build configuration list for PBXProject "weibo" */;
			compatibilityVersion = "Xcode 3.2";
			developmentRegion = English;
			hasScannedForEncodings = 0;
			knownRegions = (
				en,
				Base,
			);
			mainGroup = 21E5B6361C75A78000F7F0FD;
			productRefGroup = 21E5B6401C75A78000F7F0FD /* Products */;
			projectDirPath = "";
			projectRoot = "";
			targets = (
				21E5B63E1C75A78000F7F0FD /* weibo */,
				21E5B6571C75A78000F7F0FD /* weiboTests */,
				21E5B6621C75A78000F7F0FD /* weiboUITests */,
			);
		};
/* End PBXProject section */

/* Begin PBXResourcesBuildPhase section */
		21E5B63D1C75A78000F7F0FD /* Resources */ = {
			isa = PBXResourcesBuildPhase;
			buildActionMask = 2147483647;
			files = (
				21E5B6521C75A78000F7F0FD /* LaunchScreen.storyboard in Resources */,
				21E5B64F1C75A78000F7F0FD /* Assets.xcassets in Resources */,
			);
			runOnlyForDeploymentPostprocessing = 0;
		};
		21E5B6561C75A78000F7F0FD /* Resources */ = {
			isa = PBXResourcesBuildPhase;
			buildActionMask = 2147483647;
			files = (
			);
			runOnlyForDeploymentPostprocessing = 0;
		};
		21E5B6611C75A78000F7F0FD /* Resources */ = {
			isa = PBXResourcesBuildPhase;
			buildActionMask = 2147483647;
			files = (
			);
			runOnlyForDeploymentPostprocessing = 0;
		};
/* End PBXResourcesBuildPhase section */

/* Begin PBXSourcesBuildPhase section */
		21E5B63B1C75A78000F7F0FD /* Sources */ = {
			isa = PBXSourcesBuildPhase;
			buildActionMask = 2147483647;
			files = (
				21079FD61C773CE400AB9E51 /* UIView+Frame.m in Sources */,
				21E5B6471C75A78000F7F0FD /* AppDelegate.m in Sources */,
				21079FD31C773CE400AB9E51 /* WLCTitlePopMenuView.m in Sources */,
				21079FD91C773CE400AB9E51 /* WLCTabBar.m in Sources */,
				21079FD71C773CE400AB9E51 /* WLCNavigationController.m in Sources */,
				21079FD21C773CE400AB9E51 /* WLCHomeController.m in Sources */,
				21079FD41C773CE400AB9E51 /* WLCTitleButton.m in Sources */,
				21079FD81C773CE400AB9E51 /* WLCTabBarController.m in Sources */,
				21079FD11C773CE400AB9E51 /* WLCFriendsearchController.m in Sources */,
				21079FD51C773CE400AB9E51 /* UIBarButtonItem+Extention.m in Sources */,
				21E5B6441C75A78000F7F0FD /* main.m in Sources */,
			);
			runOnlyForDeploymentPostprocessing = 0;
		};
		21E5B6541C75A78000F7F0FD /* Sources */ = {
			isa = PBXSourcesBuildPhase;
			buildActionMask = 2147483647;
			files = (
				21E5B65D1C75A78000F7F0FD /* weiboTests.m in Sources */,
			);
			runOnlyForDeploymentPostprocessing = 0;
		};
		21E5B65F1C75A78000F7F0FD /* Sources */ = {
			isa = PBXSourcesBuildPhase;
			buildActionMask = 2147483647;
			files = (
				21E5B6681C75A78000F7F0FD /* weiboUITests.m in Sources */,
			);
			runOnlyForDeploymentPostprocessing = 0;
		};
/* End PBXSourcesBuildPhase section */

/* Begin PBXTargetDependency section */
		21E5B65A1C75A78000F7F0FD /* PBXTargetDependency */ = {
			isa = PBXTargetDependency;
			target = 21E5B63E1C75A78000F7F0FD /* weibo */;
			targetProxy = 21E5B6591C75A78000F7F0FD /* PBXContainerItemProxy */;
		};
		21E5B6651C75A78000F7F0FD /* PBXTargetDependency */ = {
			isa = PBXTargetDependency;
			target = 21E5B63E1C75A78000F7F0FD /* weibo */;
			targetProxy = 21E5B6641C75A78000F7F0FD /* PBXContainerItemProxy */;
		};
/* End PBXTargetDependency section */

/* Begin PBXVariantGroup section */
		21E5B6501C75A78000F7F0FD /* LaunchScreen.storyboard */ = {
			isa = PBXVariantGroup;
			children = (
				21E5B6511C75A78000F7F0FD /* Base */,
			);
			name = LaunchScreen.storyboard;
			sourceTree = "<group>";
		};
/* End PBXVariantGroup section */

/* Begin XCBuildConfiguration section */
		21E5B66A1C75A78000F7F0FD /* Debug */ = {
			isa = XCBuildConfiguration;
			buildSettings = {
				ALWAYS_SEARCH_USER_PATHS = NO;
				CLANG_CXX_LANGUAGE_STANDARD = "gnu++0x";
				CLANG_CXX_LIBRARY = "libc++";
				CLANG_ENABLE_MODULES = YES;
				CLANG_ENABLE_OBJC_ARC = YES;
				CLANG_WARN_BOOL_CONVERSION = YES;
				CLANG_WARN_CONSTANT_CONVERSION = YES;
				CLANG_WARN_DIRECT_OBJC_ISA_USAGE = YES_ERROR;
				CLANG_WARN_EMPTY_BODY = YES;
				CLANG_WARN_ENUM_CONVERSION = YES;
				CLANG_WARN_INT_CONVERSION = YES;
				CLANG_WARN_OBJC_ROOT_CLASS = YES_ERROR;
				CLANG_WARN_UNREACHABLE_CODE = YES;
				CLANG_WARN__DUPLICATE_METHOD_MATCH = YES;
				"CODE_SIGN_IDENTITY[sdk=iphoneos*]" = "iPhone Developer";
				COPY_PHASE_STRIP = NO;
				DEBUG_INFORMATION_FORMAT = dwarf;
				ENABLE_STRICT_OBJC_MSGSEND = YES;
				ENABLE_TESTABILITY = YES;
				GCC_C_LANGUAGE_STANDARD = gnu99;
				GCC_DYNAMIC_NO_PIC = NO;
				GCC_NO_COMMON_BLOCKS = YES;
				GCC_OPTIMIZATION_LEVEL = 0;
				GCC_PREPROCESSOR_DEFINITIONS = (
					"DEBUG=1",
					"$(inherited)",
				);
				GCC_WARN_64_TO_32_BIT_CONVERSION = YES;
				GCC_WARN_ABOUT_RETURN_TYPE = YES_ERROR;
				GCC_WARN_UNDECLARED_SELECTOR = YES;
				GCC_WARN_UNINITIALIZED_AUTOS = YES_AGGRESSIVE;
				GCC_WARN_UNUSED_FUNCTION = YES;
				GCC_WARN_UNUSED_VARIABLE = YES;
				IPHONEOS_DEPLOYMENT_TARGET = 9.2;
				MTL_ENABLE_DEBUG_INFO = YES;
				ONLY_ACTIVE_ARCH = YES;
				SDKROOT = iphoneos;
			};
			name = Debug;
		};
		21E5B66B1C75A78000F7F0FD /* Release */ = {
			isa = XCBuildConfiguration;
			buildSettings = {
				ALWAYS_SEARCH_USER_PATHS = NO;
				CLANG_CXX_LANGUAGE_STANDARD = "gnu++0x";
				CLANG_CXX_LIBRARY = "libc++";
				CLANG_ENABLE_MODULES = YES;
				CLANG_ENABLE_OBJC_ARC = YES;
				CLANG_WARN_BOOL_CONVERSION = YES;
				CLANG_WARN_CONSTANT_CONVERSION = YES;
				CLANG_WARN_DIRECT_OBJC_ISA_USAGE = YES_ERROR;
				CLANG_WARN_EMPTY_BODY = YES;
				CLANG_WARN_ENUM_CONVERSION = YES;
				CLANG_WARN_INT_CONVERSION = YES;
				CLANG_WARN_OBJC_ROOT_CLASS = YES_ERROR;
				CLANG_WARN_UNREACHABLE_CODE = YES;
				CLANG_WARN__DUPLICATE_METHOD_MATCH = YES;
				"CODE_SIGN_IDENTITY[sdk=iphoneos*]" = "iPhone Developer";
				COPY_PHASE_STRIP = NO;
				DEBUG_INFORMATION_FORMAT = "dwarf-with-dsym";
				ENABLE_NS_ASSERTIONS = NO;
				ENABLE_STRICT_OBJC_MSGSEND = YES;
				GCC_C_LANGUAGE_STANDARD = gnu99;
				GCC_NO_COMMON_BLOCKS = YES;
				GCC_WARN_64_TO_32_BIT_CONVERSION = YES;
				GCC_WARN_ABOUT_RETURN_TYPE = YES_ERROR;
				GCC_WARN_UNDECLARED_SELECTOR = YES;
				GCC_WARN_UNINITIALIZED_AUTOS = YES_AGGRESSIVE;
				GCC_WARN_UNUSED_FUNCTION = YES;
				GCC_WARN_UNUSED_VARIABLE = YES;
				IPHONEOS_DEPLOYMENT_TARGET = 9.2;
				MTL_ENABLE_DEBUG_INFO = NO;
				SDKROOT = iphoneos;
				VALIDATE_PRODUCT = YES;
			};
			name = Release;
		};
		21E5B66D1C75A78000F7F0FD /* Debug */ = {
			isa = XCBuildConfiguration;
			buildSettings = {
				ASSETCATALOG_COMPILER_APPICON_NAME = AppIcon;
				ASSETCATALOG_COMPILER_LAUNCHIMAGE_NAME = "Brand Assets";
				FRAMEWORK_SEARCH_PATHS = (
					"$(inherited)",
					"$(PROJECT_DIR)",
					"$(PROJECT_DIR)/weibo/Framework",
				);
				GCC_PREFIX_HEADER = "$(SRCROOT)/weibo/PrefixHeader.pch";
				INFOPLIST_FILE = weibo/Info.plist;
				LD_RUNPATH_SEARCH_PATHS = "$(inherited) @executable_path/Frameworks";
				OTHER_LDFLAGS = "-ObjC";
				PRODUCT_BUNDLE_IDENTIFIER = WLChopSticks.weibo;
				PRODUCT_NAME = "$(TARGET_NAME)";
			};
			name = Debug;
		};
		21E5B66E1C75A78000F7F0FD /* Release */ = {
			isa = XCBuildConfiguration;
			buildSettings = {
				ASSETCATALOG_COMPILER_APPICON_NAME = AppIcon;
				ASSETCATALOG_COMPILER_LAUNCHIMAGE_NAME = "Brand Assets";
				FRAMEWORK_SEARCH_PATHS = (
					"$(inherited)",
					"$(PROJECT_DIR)",
					"$(PROJECT_DIR)/weibo/Framework",
				);
				GCC_PREFIX_HEADER = "$(SRCROOT)/weibo/PrefixHeader.pch";
				INFOPLIST_FILE = weibo/Info.plist;
				LD_RUNPATH_SEARCH_PATHS = "$(inherited) @executable_path/Frameworks";
				OTHER_LDFLAGS = "-ObjC";
				PRODUCT_BUNDLE_IDENTIFIER = WLChopSticks.weibo;
				PRODUCT_NAME = "$(TARGET_NAME)";
			};
			name = Release;
		};
		21E5B6701C75A78000F7F0FD /* Debug */ = {
			isa = XCBuildConfiguration;
			buildSettings = {
				BUNDLE_LOADER = "$(TEST_HOST)";
				INFOPLIST_FILE = weiboTests/Info.plist;
				LD_RUNPATH_SEARCH_PATHS = "$(inherited) @executable_path/Frameworks @loader_path/Frameworks";
				PRODUCT_BUNDLE_IDENTIFIER = WLChopSticks.weiboTests;
				PRODUCT_NAME = "$(TARGET_NAME)";
				TEST_HOST = "$(BUILT_PRODUCTS_DIR)/weibo.app/weibo";
			};
			name = Debug;
		};
		21E5B6711C75A78000F7F0FD /* Release */ = {
			isa = XCBuildConfiguration;
			buildSettings = {
				BUNDLE_LOADER = "$(TEST_HOST)";
				INFOPLIST_FILE = weiboTests/Info.plist;
				LD_RUNPATH_SEARCH_PATHS = "$(inherited) @executable_path/Frameworks @loader_path/Frameworks";
				PRODUCT_BUNDLE_IDENTIFIER = WLChopSticks.weiboTests;
				PRODUCT_NAME = "$(TARGET_NAME)";
				TEST_HOST = "$(BUILT_PRODUCTS_DIR)/weibo.app/weibo";
			};
			name = Release;
		};
		21E5B6731C75A78000F7F0FD /* Debug */ = {
			isa = XCBuildConfiguration;
			buildSettings = {
				INFOPLIST_FILE = weiboUITests/Info.plist;
				LD_RUNPATH_SEARCH_PATHS = "$(inherited) @executable_path/Frameworks @loader_path/Frameworks";
				PRODUCT_BUNDLE_IDENTIFIER = WLChopSticks.weiboUITests;
				PRODUCT_NAME = "$(TARGET_NAME)";
				TEST_TARGET_NAME = weibo;
				USES_XCTRUNNER = YES;
			};
			name = Debug;
		};
		21E5B6741C75A78000F7F0FD /* Release */ = {
			isa = XCBuildConfiguration;
			buildSettings = {
				INFOPLIST_FILE = weiboUITests/Info.plist;
				LD_RUNPATH_SEARCH_PATHS = "$(inherited) @executable_path/Frameworks @loader_path/Frameworks";
				PRODUCT_BUNDLE_IDENTIFIER = WLChopSticks.weiboUITests;
				PRODUCT_NAME = "$(TARGET_NAME)";
				TEST_TARGET_NAME = weibo;
				USES_XCTRUNNER = YES;
			};
			name = Release;
		};
/* End XCBuildConfiguration section */

/* Begin XCConfigurationList section */
		21E5B63A1C75A78000F7F0FD /* Build configuration list for PBXProject "weibo" */ = {
			isa = XCConfigurationList;
			buildConfigurations = (
				21E5B66A1C75A78000F7F0FD /* Debug */,
				21E5B66B1C75A78000F7F0FD /* Release */,
			);
			defaultConfigurationIsVisible = 0;
			defaultConfigurationName = Release;
		};
		21E5B66C1C75A78000F7F0FD /* Build configuration list for PBXNativeTarget "weibo" */ = {
			isa = XCConfigurationList;
			buildConfigurations = (
				21E5B66D1C75A78000F7F0FD /* Debug */,
				21E5B66E1C75A78000F7F0FD /* Release */,
			);
			defaultConfigurationIsVisible = 0;
			defaultConfigurationName = Release;
		};
		21E5B66F1C75A78000F7F0FD /* Build configuration list for PBXNativeTarget "weiboTests" */ = {
			isa = XCConfigurationList;
			buildConfigurations = (
				21E5B6701C75A78000F7F0FD /* Debug */,
				21E5B6711C75A78000F7F0FD /* Release */,
			);
			defaultConfigurationIsVisible = 0;
			defaultConfigurationName = Release;
		};
		21E5B6721C75A78000F7F0FD /* Build configuration list for PBXNativeTarget "weiboUITests" */ = {
			isa = XCConfigurationList;
			buildConfigurations = (
				21E5B6731C75A78000F7F0FD /* Debug */,
				21E5B6741C75A78000F7F0FD /* Release */,
			);
			defaultConfigurationIsVisible = 0;
			defaultConfigurationName = Release;
		};
/* End XCConfigurationList section */
	};
	rootObject = 21E5B6371C75A78000F7F0FD /* Project object */;
}
